
Microsoft Visual Studio Solution File, Format Version 12.00
# Visual Studio Version 17
VisualStudioVersion = 17.2.32616.157
MinimumVisualStudioVersion = 10.0.40219.1
Project("{FAE04EC0-301F-11D3-BF4B-00C04F79EFBC}") = "OsosApp", "OsosApp\OsosApp.csproj", "{6534AA11-8DF7-49FD-B447-9A016786D473}"
EndProject
Project("{FAE04EC0-301F-11D3-BF4B-00C04F79EFBC}") = "OsosApp.DeviceLib", "OsosApp.DeviceLib\OsosApp.DeviceLib.csproj", "{697D10D2-1691-434F-B288-7B6AC34C501E}"
EndProject
Global
	GlobalSection(SolutionConfigurationPlatforms) = preSolution
		Debug|Any CPU = Debug|Any CPU
		Release|Any CPU = Release|Any CPU
	EndGlobalSection
	GlobalSection(ProjectConfigurationPlatforms) = postSolution
		{6534AA11-8DF7-49FD-B447-9A016786D473}.Debug|Any CPU.ActiveCfg = Debug|Any CPU
		{6534AA11-8DF7-49FD-B447-9A016786D473}.Debug|Any CPU.Build.0 = Debug|Any CPU
		{6534AA11-8DF7-49FD-B447-9A016786D473}.Release|Any CPU.ActiveCfg = Release|Any CPU
		{6534AA11-8DF7-49FD-B447-9A016786D473}.Release|Any CPU.Build.0 = Release|Any CPU
		{697D10D2-1691-434F-B288-7B6AC34C501E}.Debug|Any CPU.ActiveCfg = Debug|Any CPU
		{697D10D2-1691-434F-B288-7B6AC34C501E}.Debug|Any CPU.Build.0 = Debug|Any CPU
		{697D10D2-1691-434F-B288-7B6AC34C501E}.Release|Any CPU.ActiveCfg = Release|Any CPU
		{697D10D2-1691-434F-B288-7B6AC34C501E}.Release|Any CPU.Build.0 = Release|Any CPU
	EndGlobalSection
	GlobalSection(SolutionProperties) = preSolution
		HideSolutionNode = FALSE
	EndGlobalSection
	GlobalSection(ExtensibilityGlobals) = postSolution
		SolutionGuid = {58D851A4-EDED-4218-8FE4-72A6DEAE73F4}
	EndGlobalSection
EndGlobal
